{
  "name": "API",
  "lockfileVersion": 3,
  "requires": true,
  "packages": {
    "": {
      "dependencies": {
        "@mui/types": "^7.2.20"
      }
    },
    "node_modules/@mui/types": {
      "version": "7.2.20",
      "resolved": "https://registry.npmjs.org/@mui/types/-/types-7.2.20.tgz",
      "integrity": "sha512-straFHD7L8v05l/N5vcWk+y7eL9JF0C2mtph/y4BPm3gn2Eh61dDwDB65pa8DLss3WJfDXYC7Kx5yjP0EmXpgw==",
      "license": "MIT",
      "peerDependencies": {
        "@types/react": "^17.0.0 || ^18.0.0 || ^19.0.0"
      },
      "peerDependenciesMeta": {
        "@types/react": {
          "optional": true
        }
      }
    }
  }
}
